{
  "lockfileVersion": 2,
  "configVersion": 1,
  "workspaces": {
    "": {
      "name": "sendkit-workspace",
      "devDependencies": {
        "@types/node": "^26.2.0",
      },
    },
    "packages/cli": {
      "name": "sendkit",
      "version": "0.0.0",
      "dependencies": {
        "commander": "^15.0.0",
      },
      "devDependencies": {
        "@types/node": "^26.2.0",
      },
    },
    "packages/core": {
      "name": "sendkit-core",
      "version": "0.0.0",
      "dependencies": {
        "zod": "^4.4.3",
      },
    },
  },
  "packages": {
    "@types/node": ["@types/node@26.2.0", "", { "dependencies": { "undici-types": "~8.3.0" } }, "sha512-5IviulTZeRNp2vAJ514cc/HUlY5nZ9fCbq9DMyC52BrhFZACo3nI0R7qBxhQmo/d27NFe96ur/b7Wwxklda+kg=="],

    "commander": ["commander@15.0.0", "", {}, "sha512-z67u4ZhzCL/Tydu1lJARtEZYWbWaN7oYLHbsuzocr6y4N6WZAagG3RQ4FW61V1/0+jImpj293XfrcYnd1qxtPg=="],

    "sendkit": ["sendkit@workspace:packages/cli"],

    "sendkit-core": ["sendkit-core@workspace:packages/core"],

    "undici-types": ["undici-types@8.3.0", "", {}, "sha512-j375ScV60dom+YkPFIfTLcOiPxkN/buHz5GobjLhixFuANaNs3C9l4GmrWqejgXWJ7BbJcFYpTEUkS1Ge8bpZQ=="],

    "zod": ["zod@4.4.3", "", {}, "sha512-ytENFjIJFl2UwYglde2jchW2Hwm4GJFLDiSXWdTrJQBIN9Fcyp7n4DhxJEiWNAJMV1/BqWfW/kkg71UDcHJyTQ=="],
  }
}
